// !$*UTF8*$!
{
	archiveVersion = 1;
	classes = {
	};
	objectVersion = 56;
	objects = {

/* Begin PBXBuildFile section */
		CE041C092C6A0E980011C0E8 /* AppDelegate.swift in Sources */ = {isa = PBXBuildFile; fileRef = CE041C082C6A0E980011C0E8 /* AppDelegate.swift */; };
		CE041C0B2C6A0E980011C0E8 /* SceneDelegate.swift in Sources */ = {isa = PBXBuildFile; fileRef = CE041C0A2C6A0E980011C0E8 /* SceneDelegate.swift */; };
		CE041C0D2C6A0E980011C0E8 /* LoginViewController.swift in Sources */ = {isa = PBXBuildFile; fileRef = CE041C0C2C6A0E980011C0E8 /* LoginViewController.swift */; };
		CE041C132C6A0E980011C0E8 /* chat.xcdatamodeld in Sources */ = {isa = PBXBuildFile; fileRef = CE041C112C6A0E980011C0E8 /* chat.xcdatamodeld */; };
		CE041C152C6A0E9A0011C0E8 /* Assets.xcassets in Resources */ = {isa = PBXBuildFile; fileRef = CE041C142C6A0E9A0011C0E8 /* Assets.xcassets */; };
		CE041C182C6A0E9A0011C0E8 /* LaunchScreen.storyboard in Resources */ = {isa = PBXBuildFile; fileRef = CE041C162C6A0E9A0011C0E8 /* LaunchScreen.storyboard */; };
		CE041C232C6A0E9A0011C0E8 /* chatTests.swift in Sources */ = {isa = PBXBuildFile; fileRef = CE041C222C6A0E9A0011C0E8 /* chatTests.swift */; };
		CE041C2D2C6A0E9A0011C0E8 /* chatUITests.swift in Sources */ = {isa = PBXBuildFile; fileRef = CE041C2C2C6A0E9A0011C0E8 /* chatUITests.swift */; };
		CE041C2F2C6A0E9A0011C0E8 /* chatUITestsLaunchTests.swift in Sources */ = {isa = PBXBuildFile; fileRef = CE041C2E2C6A0E9A0011C0E8 /* chatUITestsLaunchTests.swift */; };
		CE114BB72C72017E00DE09E8 /* LoginPresenter.swift in Sources */ = {isa = PBXBuildFile; fileRef = CE114BB62C72017E00DE09E8 /* LoginPresenter.swift */; };
		CE315CE32C6DECF5004ABE26 /* GoogleService-Info.plist in Resources */ = {isa = PBXBuildFile; fileRef = CE315CE22C6DECF5004ABE26 /* GoogleService-Info.plist */; };
		CE315CE42C6DECF5004ABE26 /* GoogleService-Info.plist in Resources */ = {isa = PBXBuildFile; fileRef = CE315CE22C6DECF5004ABE26 /* GoogleService-Info.plist */; };
		CE315CE52C6DECF5004ABE26 /* GoogleService-Info.plist in Resources */ = {isa = PBXBuildFile; fileRef = CE315CE22C6DECF5004ABE26 /* GoogleService-Info.plist */; };
		CE315CE82C6DEE9D004ABE26 /* FirebaseAuth in Frameworks */ = {isa = PBXBuildFile; productRef = CE315CE72C6DEE9D004ABE26 /* FirebaseAuth */; };
		CE315CEA2C6DEE9D004ABE26 /* FirebaseDatabase in Frameworks */ = {isa = PBXBuildFile; productRef = CE315CE92C6DEE9D004ABE26 /* FirebaseDatabase */; };
		CE315CEC2C6DEE9D004ABE26 /* FirebaseStorage in Frameworks */ = {isa = PBXBuildFile; productRef = CE315CEB2C6DEE9D004ABE26 /* FirebaseStorage */; };
		CE7B1C782C720FD4002D5CA9 /* RegisterView.swift in Sources */ = {isa = PBXBuildFile; fileRef = CE7B1C772C720FD4002D5CA9 /* RegisterView.swift */; };
		CE7B1C7A2C720FEA002D5CA9 /* RegisterViewController.swift in Sources */ = {isa = PBXBuildFile; fileRef = CE7B1C792C720FEA002D5CA9 /* RegisterViewController.swift */; };
		CE7B1C7C2C72100C002D5CA9 /* RegisterPresenter.swift in Sources */ = {isa = PBXBuildFile; fileRef = CE7B1C7B2C72100C002D5CA9 /* RegisterPresenter.swift */; };
		CEE33B5A2C6A773100D482F9 /* LoginView.swift in Sources */ = {isa = PBXBuildFile; fileRef = CEE33B592C6A773100D482F9 /* LoginView.swift */; };
/* End PBXBuildFile section */

/* Begin PBXContainerItemProxy section */
		CE041C1F2C6A0E9A0011C0E8 /* PBXContainerItemProxy */ = {
			isa = PBXContainerItemProxy;
			containerPortal = CE041BFD2C6A0E980011C0E8 /* Project object */;
			proxyType = 1;
			remoteGlobalIDString = CE041C042C6A0E980011C0E8;
			remoteInfo = chat;
		};
		CE041C292C6A0E9A0011C0E8 /* PBXContainerItemProxy */ = {
			isa = PBXContainerItemProxy;
			containerPortal = CE041BFD2C6A0E980011C0E8 /* Project object */;
			proxyType = 1;
			remoteGlobalIDString = CE041C042C6A0E980011C0E8;
			remoteInfo = chat;
		};
/* End PBXContainerItemProxy section */

/* Begin PBXFileReference section */
		CE041C052C6A0E980011C0E8 /* chat.app */ = {isa = PBXFileReference; explicitFileType = wrapper.application; includeInIndex = 0; path = chat.app; sourceTree = BUILT_PRODUCTS_DIR; };
		CE041C082C6A0E980011C0E8 /* AppDelegate.swift */ = {isa = PBXFileReference; lastKnownFileType = sourcecode.swift; path = AppDelegate.swift; sourceTree = "<group>"; };
		CE041C0A2C6A0E980011C0E8 /* SceneDelegate.swift */ = {isa = PBXFileReference; lastKnownFileType = sourcecode.swift; path = SceneDelegate.swift; sourceTree = "<group>"; };
		CE041C0C2C6A0E980011C0E8 /* LoginViewController.swift */ = {isa = PBXFileReference; lastKnownFileType = sourcecode.swift; path = LoginViewController.swift; sourceTree = "<group>"; };
		CE041C122C6A0E980011C0E8 /* chat.xcdatamodel */ = {isa = PBXFileReference; lastKnownFileType = wrapper.xcdatamodel; path = chat.xcdatamodel; sourceTree = "<group>"; };
		CE041C142C6A0E9A0011C0E8 /* Assets.xcassets */ = {isa = PBXFileReference; lastKnownFileType = folder.assetcatalog; path = Assets.xcassets; sourceTree = "<group>"; };
		CE041C172C6A0E9A0011C0E8 /* Base */ = {isa = PBXFileReference; lastKnownFileType = file.storyboard; name = Base; path = Base.lproj/LaunchScreen.storyboard; sourceTree = "<group>"; };
		CE041C192C6A0E9A0011C0E8 /* Info.plist */ = {isa = PBXFileReference; lastKnownFileType = text.plist.xml; path = Info.plist; sourceTree = "<group>"; };
		CE041C1E2C6A0E9A0011C0E8 /* chatTests.xctest */ = {isa = PBXFileReference; explicitFileType = wrapper.cfbundle; includeInIndex = 0; path = chatTests.xctest; sourceTree = BUILT_PRODUCTS_DIR; };
		CE041C222C6A0E9A0011C0E8 /* chatTests.swift */ = {isa = PBXFileReference; lastKnownFileType = sourcecode.swift; path = chatTests.swift; sourceTree = "<group>"; };
		CE041C282C6A0E9A0011C0E8 /* chatUITests.xctest */ = {isa = PBXFileReference; explicitFileType = wrapper.cfbundle; includeInIndex = 0; path = chatUITests.xctest; sourceTree = BUILT_PRODUCTS_DIR; };
		CE041C2C2C6A0E9A0011C0E8 /* chatUITests.swift */ = {isa = PBXFileReference; lastKnownFileType = sourcecode.swift; path = chatUITests.swift; sourceTree = "<group>"; };
		CE041C2E2C6A0E9A0011C0E8 /* chatUITestsLaunchTests.swift */ = {isa = PBXFileReference; lastKnownFileType = sourcecode.swift; path = chatUITestsLaunchTests.swift; sourceTree = "<group>"; };
		CE114BB62C72017E00DE09E8 /* LoginPresenter.swift */ = {isa = PBXFileReference; lastKnownFileType = sourcecode.swift; path = LoginPresenter.swift; sourceTree = "<group>"; };
		CE315CE22C6DECF5004ABE26 /* GoogleService-Info.plist */ = {isa = PBXFileReference; fileEncoding = 4; lastKnownFileType = text.plist.xml; path = "GoogleService-Info.plist"; sourceTree = "<group>"; };
		CE7B1C772C720FD4002D5CA9 /* RegisterView.swift */ = {isa = PBXFileReference; lastKnownFileType = sourcecode.swift; path = RegisterView.swift; sourceTree = "<group>"; };
		CE7B1C792C720FEA002D5CA9 /* RegisterViewController.swift */ = {isa = PBXFileReference; lastKnownFileType = sourcecode.swift; path = RegisterViewController.swift; sourceTree = "<group>"; };
		CE7B1C7B2C72100C002D5CA9 /* RegisterPresenter.swift */ = {isa = PBXFileReference; lastKnownFileType = sourcecode.swift; path = RegisterPresenter.swift; sourceTree = "<group>"; };
		CEE33B592C6A773100D482F9 /* LoginView.swift */ = {isa = PBXFileReference; lastKnownFileType = sourcecode.swift; path = LoginView.swift; sourceTree = "<group>"; };
/* End PBXFileReference section */

/* Begin PBXFrameworksBuildPhase section */
		CE041C022C6A0E980011C0E8 /* Frameworks */ = {
			isa = PBXFrameworksBuildPhase;
			buildActionMask = 2147483647;
			files = (
				CE315CEA2C6DEE9D004ABE26 /* FirebaseDatabase in Frameworks */,
				CE315CE82C6DEE9D004ABE26 /* FirebaseAuth in Frameworks */,
				CE315CEC2C6DEE9D004ABE26 /* FirebaseStorage in Frameworks */,
			);
			runOnlyForDeploymentPostprocessing = 0;
		};
		CE041C1B2C6A0E9A0011C0E8 /* Frameworks */ = {
			isa = PBXFrameworksBuildPhase;
			buildActionMask = 2147483647;
			files = (
			);
			runOnlyForDeploymentPostprocessing = 0;
		};
		CE041C252C6A0E9A0011C0E8 /* Frameworks */ = {
			isa = PBXFrameworksBuildPhase;
			buildActionMask = 2147483647;
			files = (
			);
			runOnlyForDeploymentPostprocessing = 0;
		};
/* End PBXFrameworksBuildPhase section */

/* Begin PBXGroup section */
		CE041BFC2C6A0E980011C0E8 = {
			isa = PBXGroup;
			children = (
				CE041C072C6A0E980011C0E8 /* chat */,
				CE041C212C6A0E9A0011C0E8 /* chatTests */,
				CE041C2B2C6A0E9A0011C0E8 /* chatUITests */,
				CE041C062C6A0E980011C0E8 /* Products */,
			);
			sourceTree = "<group>";
		};
		CE041C062C6A0E980011C0E8 /* Products */ = {
			isa = PBXGroup;
			children = (
				CE041C052C6A0E980011C0E8 /* chat.app */,
				CE041C1E2C6A0E9A0011C0E8 /* chatTests.xctest */,
				CE041C282C6A0E9A0011C0E8 /* chatUITests.xctest */,
			);
			name = Products;
			sourceTree = "<group>";
		};
		CE041C072C6A0E980011C0E8 /* chat */ = {
			isa = PBXGroup;
			children = (
				CE114BB82C7201A700DE09E8 /* App */,
				CE114BB52C72015700DE09E8 /* Login */,
				CE7B1C762C720FB4002D5CA9 /* Register */,
				CE041C142C6A0E9A0011C0E8 /* Assets.xcassets */,
				CE041C112C6A0E980011C0E8 /* chat.xcdatamodeld */,
			);
			path = chat;
			sourceTree = "<group>";
		};
		CE041C212C6A0E9A0011C0E8 /* chatTests */ = {
			isa = PBXGroup;
			children = (
				CE041C222C6A0E9A0011C0E8 /* chatTests.swift */,
			);
			path = chatTests;
			sourceTree = "<group>";
		};
		CE041C2B2C6A0E9A0011C0E8 /* chatUITests */ = {
			isa = PBXGroup;
			children = (
				CE041C2C2C6A0E9A0011C0E8 /* chatUITests.swift */,
				CE041C2E2C6A0E9A0011C0E8 /* chatUITestsLaunchTests.swift */,
			);
			path = chatUITests;
			sourceTree = "<group>";
		};
		CE114BB52C72015700DE09E8 /* Login */ = {
			isa = PBXGroup;
			children = (
				CEE33B592C6A773100D482F9 /* LoginView.swift */,
				CE041C0C2C6A0E980011C0E8 /* LoginViewController.swift */,
				CE114BB62C72017E00DE09E8 /* LoginPresenter.swift */,
			);
			path = Login;
			sourceTree = "<group>";
		};
		CE114BB82C7201A700DE09E8 /* App */ = {
			isa = PBXGroup;
			children = (
				CE041C082C6A0E980011C0E8 /* AppDelegate.swift */,
				CE041C0A2C6A0E980011C0E8 /* SceneDelegate.swift */,
				CE041C192C6A0E9A0011C0E8 /* Info.plist */,
				CE315CE22C6DECF5004ABE26 /* GoogleService-Info.plist */,
				CE041C162C6A0E9A0011C0E8 /* LaunchScreen.storyboard */,
			);
			path = App;
			sourceTree = "<group>";
		};
		CE7B1C762C720FB4002D5CA9 /* Register */ = {
			isa = PBXGroup;
			children = (
				CE7B1C772C720FD4002D5CA9 /* RegisterView.swift */,
				CE7B1C792C720FEA002D5CA9 /* RegisterViewController.swift */,
				CE7B1C7B2C72100C002D5CA9 /* RegisterPresenter.swift */,
			);
			path = Register;
			sourceTree = "<group>";
		};
/* End PBXGroup section */

/* Begin PBXNativeTarget section */
		CE041C042C6A0E980011C0E8 /* chat */ = {
			isa = PBXNativeTarget;
			buildConfigurationList = CE041C322C6A0E9A0011C0E8 /* Build configuration list for PBXNativeTarget "chat" */;
			buildPhases = (
				CE041C012C6A0E980011C0E8 /* Sources */,
				CE041C022C6A0E980011C0E8 /* Frameworks */,
				CE041C032C6A0E980011C0E8 /* Resources */,
			);
			buildRules = (
			);
			dependencies = (
			);
			name = chat;
			packageProductDependencies = (
				CE315CE72C6DEE9D004ABE26 /* FirebaseAuth */,
				CE315CE92C6DEE9D004ABE26 /* FirebaseDatabase */,
				CE315CEB2C6DEE9D004ABE26 /* FirebaseStorage */,
			);
			productName = chat;
			productReference = CE041C052C6A0E980011C0E8 /* chat.app */;
			productType = "com.apple.product-type.application";
		};
		CE041C1D2C6A0E9A0011C0E8 /* chatTests */ = {
			isa = PBXNativeTarget;
			buildConfigurationList = CE041C352C6A0E9A0011C0E8 /* Build configuration list for PBXNativeTarget "chatTests" */;
			buildPhases = (
				CE041C1A2C6A0E9A0011C0E8 /* Sources */,
				CE041C1B2C6A0E9A0011C0E8 /* Frameworks */,
				CE041C1C2C6A0E9A0011C0E8 /* Resources */,
			);
			buildRules = (
			);
			dependencies = (
				CE041C202C6A0E9A0011C0E8 /* PBXTargetDependency */,
			);
			name = chatTests;
			productName = chatTests;
			productReference = CE041C1E2C6A0E9A0011C0E8 /* chatTests.xctest */;
			productType = "com.apple.product-type.bundle.unit-test";
		};
		CE041C272C6A0E9A0011C0E8 /* chatUITests */ = {
			isa = PBXNativeTarget;
			buildConfigurationList = CE041C382C6A0E9A0011C0E8 /* Build configuration list for PBXNativeTarget "chatUITests" */;
			buildPhases = (
				CE041C242C6A0E9A0011C0E8 /* Sources */,
				CE041C252C6A0E9A0011C0E8 /* Frameworks */,
				CE041C262C6A0E9A0011C0E8 /* Resources */,
			);
			buildRules = (
			);
			dependencies = (
				CE041C2A2C6A0E9A0011C0E8 /* PBXTargetDependency */,
			);
			name = chatUITests;
			productName = chatUITests;
			productReference = CE041C282C6A0E9A0011C0E8 /* chatUITests.xctest */;
			productType = "com.apple.product-type.bundle.ui-testing";
		};
/* End PBXNativeTarget section */

/* Begin PBXProject section */
		CE041BFD2C6A0E980011C0E8 /* Project object */ = {
			isa = PBXProject;
			attributes = {
				BuildIndependentTargetsInParallel = 1;
				LastSwiftUpdateCheck = 1520;
				LastUpgradeCheck = 1520;
				TargetAttributes = {
					CE041C042C6A0E980011C0E8 = {
						CreatedOnToolsVersion = 15.2;
					};
					CE041C1D2C6A0E9A0011C0E8 = {
						CreatedOnToolsVersion = 15.2;
						TestTargetID = CE041C042C6A0E980011C0E8;
					};
					CE041C272C6A0E9A0011C0E8 = {
						CreatedOnToolsVersion = 15.2;
						TestTargetID = CE041C042C6A0E980011C0E8;
					};
				};
			};
			buildConfigurationList = CE041C002C6A0E980011C0E8 /* Build configuration list for PBXProject "chat" */;
			compatibilityVersion = "Xcode 14.0";
			developmentRegion = en;
			hasScannedForEncodings = 0;
			knownRegions = (
				en,
				Base,
			);
			mainGroup = CE041BFC2C6A0E980011C0E8;
			packageReferences = (
				CE315CE62C6DEE9D004ABE26 /* XCRemoteSwiftPackageReference "firebase-ios-sdk" */,
			);
			productRefGroup = CE041C062C6A0E980011C0E8 /* Products */;
			projectDirPath = "";
			projectRoot = "";
			targets = (
				CE041C042C6A0E980011C0E8 /* chat */,
				CE041C1D2C6A0E9A0011C0E8 /* chatTests */,
				CE041C272C6A0E9A0011C0E8 /* chatUITests */,
			);
		};
/* End PBXProject section */

/* Begin PBXResourcesBuildPhase section */
		CE041C032C6A0E980011C0E8 /* Resources */ = {
			isa = PBXResourcesBuildPhase;
			buildActionMask = 2147483647;
			files = (
				CE041C182C6A0E9A0011C0E8 /* LaunchScreen.storyboard in Resources */,
				CE041C152C6A0E9A0011C0E8 /* Assets.xcassets in Resources */,
				CE315CE32C6DECF5004ABE26 /* GoogleService-Info.plist in Resources */,
			);
			runOnlyForDeploymentPostprocessing = 0;
		};
		CE041C1C2C6A0E9A0011C0E8 /* Resources */ = {
			isa = PBXResourcesBuildPhase;
			buildActionMask = 2147483647;
			files = (
				CE315CE42C6DECF5004ABE26 /* GoogleService-Info.plist in Resources */,
			);
			runOnlyForDeploymentPostprocessing = 0;
		};
		CE041C262C6A0E9A0011C0E8 /* Resources */ = {
			isa = PBXResourcesBuildPhase;
			buildActionMask = 2147483647;
			files = (
				CE315CE52C6DECF5004ABE26 /* GoogleService-Info.plist in Resources */,
			);
			runOnlyForDeploymentPostprocessing = 0;
		};
/* End PBXResourcesBuildPhase section */

/* Begin PBXSourcesBuildPhase section */
		CE041C012C6A0E980011C0E8 /* Sources */ = {
			isa = PBXSourcesBuildPhase;
			buildActionMask = 2147483647;
			files = (
				CE114BB72C72017E00DE09E8 /* LoginPresenter.swift in Sources */,
				CE041C0D2C6A0E980011C0E8 /* LoginViewController.swift in Sources */,
				CE041C132C6A0E980011C0E8 /* chat.xcdatamodeld in Sources */,
				CE7B1C7A2C720FEA002D5CA9 /* RegisterViewController.swift in Sources */,
				CE7B1C7C2C72100C002D5CA9 /* RegisterPresenter.swift in Sources */,
				CE7B1C782C720FD4002D5CA9 /* RegisterView.swift in Sources */,
				CE041C092C6A0E980011C0E8 /* AppDelegate.swift in Sources */,
				CEE33B5A2C6A773100D482F9 /* LoginView.swift in Sources */,
				CE041C0B2C6A0E980011C0E8 /* SceneDelegate.swift in Sources */,
			);
			runOnlyForDeploymentPostprocessing = 0;
		};
		CE041C1A2C6A0E9A0011C0E8 /* Sources */ = {
			isa = PBXSourcesBuildPhase;
			buildActionMask = 2147483647;
			files = (
				CE041C232C6A0E9A0011C0E8 /* chatTests.swift in Sources */,
			);
			runOnlyForDeploymentPostprocessing = 0;
		};
		CE041C242C6A0E9A0011C0E8 /* Sources */ = {
			isa = PBXSourcesBuildPhase;
			buildActionMask = 2147483647;
			files = (
				CE041C2F2C6A0E9A0011C0E8 /* chatUITestsLaunchTests.swift in Sources */,
				CE041C2D2C6A0E9A0011C0E8 /* chatUITests.swift in Sources */,
			);
			runOnlyForDeploymentPostprocessing = 0;
		};
/* End PBXSourcesBuildPhase section */

/* Begin PBXTargetDependency section */
		CE041C202C6A0E9A0011C0E8 /* PBXTargetDependency */ = {
			isa = PBXTargetDependency;
			target = CE041C042C6A0E980011C0E8 /* chat */;
			targetProxy = CE041C1F2C6A0E9A0011C0E8 /* PBXContainerItemProxy */;
		};
		CE041C2A2C6A0E9A0011C0E8 /* PBXTargetDependency */ = {
			isa = PBXTargetDependency;
			target = CE041C042C6A0E980011C0E8 /* chat */;
			targetProxy = CE041C292C6A0E9A0011C0E8 /* PBXContainerItemProxy */;
		};
/* End PBXTargetDependency section */

/* Begin PBXVariantGroup section */
		CE041C162C6A0E9A0011C0E8 /* LaunchScreen.storyboard */ = {
			isa = PBXVariantGroup;
			children = (
				CE041C172C6A0E9A0011C0E8 /* Base */,
			);
			name = LaunchScreen.storyboard;
			sourceTree = "<group>";
		};
/* End PBXVariantGroup section */

/* Begin XCBuildConfiguration section */
		CE041C302C6A0E9A0011C0E8 /* Debug */ = {
			isa = XCBuildConfiguration;
			buildSettings = {
				ALWAYS_SEARCH_USER_PATHS = NO;
				ASSETCATALOG_COMPILER_GENERATE_SWIFT_ASSET_SYMBOL_EXTENSIONS = YES;
				CLANG_ANALYZER_NONNULL = YES;
				CLANG_ANALYZER_NUMBER_OBJECT_CONVERSION = YES_AGGRESSIVE;
				CLANG_CXX_LANGUAGE_STANDARD = "gnu++20";
				CLANG_ENABLE_MODULES = YES;
				CLANG_ENABLE_OBJC_ARC = YES;
				CLANG_ENABLE_OBJC_WEAK = YES;
				CLANG_WARN_BLOCK_CAPTURE_AUTORELEASING = YES;
				CLANG_WARN_BOOL_CONVERSION = YES;
				CLANG_WARN_COMMA = YES;
				CLANG_WARN_CONSTANT_CONVERSION = YES;
				CLANG_WARN_DEPRECATED_OBJC_IMPLEMENTATIONS = YES;
				CLANG_WARN_DIRECT_OBJC_ISA_USAGE = YES_ERROR;
				CLANG_WARN_DOCUMENTATION_COMMENTS = YES;
				CLANG_WARN_EMPTY_BODY = YES;
				CLANG_WARN_ENUM_CONVERSION = YES;
				CLANG_WARN_INFINITE_RECURSION = YES;
				CLANG_WARN_INT_CONVERSION = YES;
				CLANG_WARN_NON_LITERAL_NULL_CONVERSION = YES;
				CLANG_WARN_OBJC_IMPLICIT_RETAIN_SELF = YES;
				CLANG_WARN_OBJC_LITERAL_CONVERSION = YES;
				CLANG_WARN_OBJC_ROOT_CLASS = YES_ERROR;
				CLANG_WARN_QUOTED_INCLUDE_IN_FRAMEWORK_HEADER = YES;
				CLANG_WARN_RANGE_LOOP_ANALYSIS = YES;
				CLANG_WARN_STRICT_PROTOTYPES = YES;
				CLANG_WARN_SUSPICIOUS_MOVE = YES;
				CLANG_WARN_UNGUARDED_AVAILABILITY = YES_AGGRESSIVE;
				CLANG_WARN_UNREACHABLE_CODE = YES;
				CLANG_WARN__DUPLICATE_METHOD_MATCH = YES;
				COPY_PHASE_STRIP = NO;
				DEBUG_INFORMATION_FORMAT = dwarf;
				ENABLE_STRICT_OBJC_MSGSEND = YES;
				ENABLE_TESTABILITY = YES;
				ENABLE_USER_SCRIPT_SANDBOXING = YES;
				GCC_C_LANGUAGE_STANDARD = gnu17;
				GCC_DYNAMIC_NO_PIC = NO;
				GCC_NO_COMMON_BLOCKS = YES;
				GCC_OPTIMIZATION_LEVEL = 0;
				GCC_PREPROCESSOR_DEFINITIONS = (
					"DEBUG=1",
					"$(inherited)",
				);
				GCC_WARN_64_TO_32_BIT_CONVERSION = YES;
				GCC_WARN_ABOUT_RETURN_TYPE = YES_ERROR;
				GCC_WARN_UNDECLARED_SELECTOR = YES;
				GCC_WARN_UNINITIALIZED_AUTOS = YES_AGGRESSIVE;
				GCC_WARN_UNUSED_FUNCTION = YES;
				GCC_WARN_UNUSED_VARIABLE = YES;
				IPHONEOS_DEPLOYMENT_TARGET = 15.0;
				LOCALIZATION_PREFERS_STRING_CATALOGS = YES;
				MTL_ENABLE_DEBUG_INFO = INCLUDE_SOURCE;
				MTL_FAST_MATH = YES;
				ONLY_ACTIVE_ARCH = YES;
				SDKROOT = iphoneos;
				SWIFT_ACTIVE_COMPILATION_CONDITIONS = "DEBUG $(inherited)";
				SWIFT_OPTIMIZATION_LEVEL = "-Onone";
			};
			name = Debug;
		};
		CE041C312C6A0E9A0011C0E8 /* Release */ = {
			isa = XCBuildConfiguration;
			buildSettings = {
				ALWAYS_SEARCH_USER_PATHS = NO;
				ASSETCATALOG_COMPILER_GENERATE_SWIFT_ASSET_SYMBOL_EXTENSIONS = YES;
				CLANG_ANALYZER_NONNULL = YES;
				CLANG_ANALYZER_NUMBER_OBJECT_CONVERSION = YES_AGGRESSIVE;
				CLANG_CXX_LANGUAGE_STANDARD = "gnu++20";
				CLANG_ENABLE_MODULES = YES;
				CLANG_ENABLE_OBJC_ARC = YES;
				CLANG_ENABLE_OBJC_WEAK = YES;
				CLANG_WARN_BLOCK_CAPTURE_AUTORELEASING = YES;
				CLANG_WARN_BOOL_CONVERSION = YES;
				CLANG_WARN_COMMA = YES;
				CLANG_WARN_CONSTANT_CONVERSION = YES;
				CLANG_WARN_DEPRECATED_OBJC_IMPLEMENTATIONS = YES;
				CLANG_WARN_DIRECT_OBJC_ISA_USAGE = YES_ERROR;
				CLANG_WARN_DOCUMENTATION_COMMENTS = YES;
				CLANG_WARN_EMPTY_BODY = YES;
				CLANG_WARN_ENUM_CONVERSION = YES;
				CLANG_WARN_INFINITE_RECURSION = YES;
				CLANG_WARN_INT_CONVERSION = YES;
				CLANG_WARN_NON_LITERAL_NULL_CONVERSION = YES;
				CLANG_WARN_OBJC_IMPLICIT_RETAIN_SELF = YES;
				CLANG_WARN_OBJC_LITERAL_CONVERSION = YES;
				CLANG_WARN_OBJC_ROOT_CLASS = YES_ERROR;
				CLANG_WARN_QUOTED_INCLUDE_IN_FRAMEWORK_HEADER = YES;
				CLANG_WARN_RANGE_LOOP_ANALYSIS = YES;
				CLANG_WARN_STRICT_PROTOTYPES = YES;
				CLANG_WARN_SUSPICIOUS_MOVE = YES;
				CLANG_WARN_UNGUARDED_AVAILABILITY = YES_AGGRESSIVE;
				CLANG_WARN_UNREACHABLE_CODE = YES;
				CLANG_WARN__DUPLICATE_METHOD_MATCH = YES;
				COPY_PHASE_STRIP = NO;
				DEBUG_INFORMATION_FORMAT = "dwarf-with-dsym";
				ENABLE_NS_ASSERTIONS = NO;
				ENABLE_STRICT_OBJC_MSGSEND = YES;
				ENABLE_USER_SCRIPT_SANDBOXING = YES;
				GCC_C_LANGUAGE_STANDARD = gnu17;
				GCC_NO_COMMON_BLOCKS = YES;
				GCC_WARN_64_TO_32_BIT_CONVERSION = YES;
				GCC_WARN_ABOUT_RETURN_TYPE = YES_ERROR;
				GCC_WARN_UNDECLARED_SELECTOR = YES;
				GCC_WARN_UNINITIALIZED_AUTOS = YES_AGGRESSIVE;
				GCC_WARN_UNUSED_FUNCTION = YES;
				GCC_WARN_UNUSED_VARIABLE = YES;
				IPHONEOS_DEPLOYMENT_TARGET = 15.0;
				LOCALIZATION_PREFERS_STRING_CATALOGS = YES;
				MTL_ENABLE_DEBUG_INFO = NO;
				MTL_FAST_MATH = YES;
				SDKROOT = iphoneos;
				SWIFT_COMPILATION_MODE = wholemodule;
				VALIDATE_PRODUCT = YES;
			};
			name = Release;
		};
		CE041C332C6A0E9A0011C0E8 /* Debug */ = {
			isa = XCBuildConfiguration;
			buildSettings = {
				ASSETCATALOG_COMPILER_APPICON_NAME = AppIcon;
				ASSETCATALOG_COMPILER_GLOBAL_ACCENT_COLOR_NAME = AccentColor;
				CODE_SIGN_STYLE = Automatic;
				CURRENT_PROJECT_VERSION = 1;
				GENERATE_INFOPLIST_FILE = YES;
				INFOPLIST_FILE = chat/App/Info.plist;
				INFOPLIST_KEY_LSApplicationCategoryType = "public.app-category.social-networking";
				INFOPLIST_KEY_UIApplicationSupportsIndirectInputEvents = YES;
				INFOPLIST_KEY_UILaunchStoryboardName = LaunchScreen;
				INFOPLIST_KEY_UISupportedInterfaceOrientations = UIInterfaceOrientationPortrait;
				INFOPLIST_KEY_UISupportedInterfaceOrientations_iPad = "UIInterfaceOrientationLandscapeLeft UIInterfaceOrientationLandscapeRight UIInterfaceOrientationPortraitUpsideDown";
				IPHONEOS_DEPLOYMENT_TARGET = 15.0;
				LD_RUNPATH_SEARCH_PATHS = (
					"$(inherited)",
					"@executable_path/Frameworks",
				);
				MARKETING_VERSION = 1.0;
				PRODUCT_BUNDLE_IDENTIFIER = TATApp.chat;
				PRODUCT_NAME = "$(TARGET_NAME)";
				SUPPORTED_PLATFORMS = "iphoneos iphonesimulator";
				SUPPORTS_MACCATALYST = NO;
				SUPPORTS_MAC_DESIGNED_FOR_IPHONE_IPAD = NO;
				SUPPORTS_XR_DESIGNED_FOR_IPHONE_IPAD = NO;
				SWIFT_EMIT_LOC_STRINGS = YES;
				SWIFT_VERSION = 5.0;
				TARGETED_DEVICE_FAMILY = 1;
			};
			name = Debug;
		};
		CE041C342C6A0E9A0011C0E8 /* Release */ = {
			isa = XCBuildConfiguration;
			buildSettings = {
				ASSETCATALOG_COMPILER_APPICON_NAME = AppIcon;
				ASSETCATALOG_COMPILER_GLOBAL_ACCENT_COLOR_NAME = AccentColor;
				CODE_SIGN_STYLE = Automatic;
				CURRENT_PROJECT_VERSION = 1;
				GENERATE_INFOPLIST_FILE = YES;
				INFOPLIST_FILE = chat/App/Info.plist;
				INFOPLIST_KEY_LSApplicationCategoryType = "public.app-category.social-networking";
				INFOPLIST_KEY_UIApplicationSupportsIndirectInputEvents = YES;
				INFOPLIST_KEY_UILaunchStoryboardName = LaunchScreen;
				INFOPLIST_KEY_UISupportedInterfaceOrientations = UIInterfaceOrientationPortrait;
				INFOPLIST_KEY_UISupportedInterfaceOrientations_iPad = "UIInterfaceOrientationLandscapeLeft UIInterfaceOrientationLandscapeRight UIInterfaceOrientationPortraitUpsideDown";
				IPHONEOS_DEPLOYMENT_TARGET = 15.0;
				LD_RUNPATH_SEARCH_PATHS = (
					"$(inherited)",
					"@executable_path/Frameworks",
				);
				MARKETING_VERSION = 1.0;
				PRODUCT_BUNDLE_IDENTIFIER = TATApp.chat;
				PRODUCT_NAME = "$(TARGET_NAME)";
				SUPPORTED_PLATFORMS = "iphoneos iphonesimulator";
				SUPPORTS_MACCATALYST = NO;
				SUPPORTS_MAC_DESIGNED_FOR_IPHONE_IPAD = NO;
				SUPPORTS_XR_DESIGNED_FOR_IPHONE_IPAD = NO;
				SWIFT_EMIT_LOC_STRINGS = YES;
				SWIFT_VERSION = 5.0;
				TARGETED_DEVICE_FAMILY = 1;
			};
			name = Release;
		};
		CE041C362C6A0E9A0011C0E8 /* Debug */ = {
			isa = XCBuildConfiguration;
			buildSettings = {
				ALWAYS_EMBED_SWIFT_STANDARD_LIBRARIES = YES;
				BUNDLE_LOADER = "$(TEST_HOST)";
				CODE_SIGN_STYLE = Automatic;
				CURRENT_PROJECT_VERSION = 1;
				GENERATE_INFOPLIST_FILE = YES;
				IPHONEOS_DEPLOYMENT_TARGET = 17.2;
				MARKETING_VERSION = 1.0;
				PRODUCT_BUNDLE_IDENTIFIER = TATApp.chatTests;
				PRODUCT_NAME = "$(TARGET_NAME)";
				SWIFT_EMIT_LOC_STRINGS = NO;
				SWIFT_VERSION = 5.0;
				TARGETED_DEVICE_FAMILY = "1,2";
				TEST_HOST = "$(BUILT_PRODUCTS_DIR)/chat.app/$(BUNDLE_EXECUTABLE_FOLDER_PATH)/chat";
			};
			name = Debug;
		};
		CE041C372C6A0E9A0011C0E8 /* Release */ = {
			isa = XCBuildConfiguration;
			buildSettings = {
				ALWAYS_EMBED_SWIFT_STANDARD_LIBRARIES = YES;
				BUNDLE_LOADER = "$(TEST_HOST)";
				CODE_SIGN_STYLE = Automatic;
				CURRENT_PROJECT_VERSION = 1;
				GENERATE_INFOPLIST_FILE = YES;
				IPHONEOS_DEPLOYMENT_TARGET = 17.2;
				MARKETING_VERSION = 1.0;
				PRODUCT_BUNDLE_IDENTIFIER = TATApp.chatTests;
				PRODUCT_NAME = "$(TARGET_NAME)";
				SWIFT_EMIT_LOC_STRINGS = NO;
				SWIFT_VERSION = 5.0;
				TARGETED_DEVICE_FAMILY = "1,2";
				TEST_HOST = "$(BUILT_PRODUCTS_DIR)/chat.app/$(BUNDLE_EXECUTABLE_FOLDER_PATH)/chat";
			};
			name = Release;
		};
		CE041C392C6A0E9A0011C0E8 /* Debug */ = {
			isa = XCBuildConfiguration;
			buildSettings = {
				ALWAYS_EMBED_SWIFT_STANDARD_LIBRARIES = YES;
				CODE_SIGN_STYLE = Automatic;
				CURRENT_PROJECT_VERSION = 1;
				GENERATE_INFOPLIST_FILE = YES;
				MARKETING_VERSION = 1.0;
				PRODUCT_BUNDLE_IDENTIFIER = TATApp.chatUITests;
				PRODUCT_NAME = "$(TARGET_NAME)";
				SWIFT_EMIT_LOC_STRINGS = NO;
				SWIFT_VERSION = 5.0;
				TARGETED_DEVICE_FAMILY = "1,2";
				TEST_TARGET_NAME = chat;
			};
			name = Debug;
		};
		CE041C3A2C6A0E9A0011C0E8 /* Release */ = {
			isa = XCBuildConfiguration;
			buildSettings = {
				ALWAYS_EMBED_SWIFT_STANDARD_LIBRARIES = YES;
				CODE_SIGN_STYLE = Automatic;
				CURRENT_PROJECT_VERSION = 1;
				GENERATE_INFOPLIST_FILE = YES;
				MARKETING_VERSION = 1.0;
				PRODUCT_BUNDLE_IDENTIFIER = TATApp.chatUITests;
				PRODUCT_NAME = "$(TARGET_NAME)";
				SWIFT_EMIT_LOC_STRINGS = NO;
				SWIFT_VERSION = 5.0;
				TARGETED_DEVICE_FAMILY = "1,2";
				TEST_TARGET_NAME = chat;
			};
			name = Release;
		};
/* End XCBuildConfiguration section */

/* Begin XCConfigurationList section */
		CE041C002C6A0E980011C0E8 /* Build configuration list for PBXProject "chat" */ = {
			isa = XCConfigurationList;
			buildConfigurations = (
				CE041C302C6A0E9A0011C0E8 /* Debug */,
				CE041C312C6A0E9A0011C0E8 /* Release */,
			);
			defaultConfigurationIsVisible = 0;
			defaultConfigurationName = Release;
		};
		CE041C322C6A0E9A0011C0E8 /* Build configuration list for PBXNativeTarget "chat" */ = {
			isa = XCConfigurationList;
			buildConfigurations = (
				CE041C332C6A0E9A0011C0E8 /* Debug */,
				CE041C342C6A0E9A0011C0E8 /* Release */,
			);
			defaultConfigurationIsVisible = 0;
			defaultConfigurationName = Release;
		};
		CE041C352C6A0E9A0011C0E8 /* Build configuration list for PBXNativeTarget "chatTests" */ = {
			isa = XCConfigurationList;
			buildConfigurations = (
				CE041C362C6A0E9A0011C0E8 /* Debug */,
				CE041C372C6A0E9A0011C0E8 /* Release */,
			);
			defaultConfigurationIsVisible = 0;
			defaultConfigurationName = Release;
		};
		CE041C382C6A0E9A0011C0E8 /* Build configuration list for PBXNativeTarget "chatUITests" */ = {
			isa = XCConfigurationList;
			buildConfigurations = (
				CE041C392C6A0E9A0011C0E8 /* Debug */,
				CE041C3A2C6A0E9A0011C0E8 /* Release */,
			);
			defaultConfigurationIsVisible = 0;
			defaultConfigurationName = Release;
		};
/* End XCConfigurationList section */

/* Begin XCRemoteSwiftPackageReference section */
		CE315CE62C6DEE9D004ABE26 /* XCRemoteSwiftPackageReference "firebase-ios-sdk" */ = {
			isa = XCRemoteSwiftPackageReference;
			repositoryURL = "https://github.com/firebase/firebase-ios-sdk";
			requirement = {
				kind = upToNextMajorVersion;
				minimumVersion = 11.0.0;
			};
		};
/* End XCRemoteSwiftPackageReference section */

/* Begin XCSwiftPackageProductDependency section */
		CE315CE72C6DEE9D004ABE26 /* FirebaseAuth */ = {
			isa = XCSwiftPackageProductDependency;
			package = CE315CE62C6DEE9D004ABE26 /* XCRemoteSwiftPackageReference "firebase-ios-sdk" */;
			productName = FirebaseAuth;
		};
		CE315CE92C6DEE9D004ABE26 /* FirebaseDatabase */ = {
			isa = XCSwiftPackageProductDependency;
			package = CE315CE62C6DEE9D004ABE26 /* XCRemoteSwiftPackageReference "firebase-ios-sdk" */;
			productName = FirebaseDatabase;
		};
		CE315CEB2C6DEE9D004ABE26 /* FirebaseStorage */ = {
			isa = XCSwiftPackageProductDependency;
			package = CE315CE62C6DEE9D004ABE26 /* XCRemoteSwiftPackageReference "firebase-ios-sdk" */;
			productName = FirebaseStorage;
		};
/* End XCSwiftPackageProductDependency section */

/* Begin XCVersionGroup section */
		CE041C112C6A0E980011C0E8 /* chat.xcdatamodeld */ = {
			isa = XCVersionGroup;
			children = (
				CE041C122C6A0E980011C0E8 /* chat.xcdatamodel */,
			);
			currentVersion = CE041C122C6A0E980011C0E8 /* chat.xcdatamodel */;
			path = chat.xcdatamodeld;
			sourceTree = "<group>";
			versionGroupType = wrapper.xcdatamodel;
		};
/* End XCVersionGroup section */
	};
	rootObject = CE041BFD2C6A0E980011C0E8 /* Project object */;
}
